
Microsoft Visual Studio Solution File, Format Version 12.00
# Visual Studio 2012
Project("{FAE04EC0-301F-11D3-BF4B-00C04F79EFBC}") = "WindowsFormsApplication1", "WindowsFormsApplication1\WindowsFormsApplication1.csproj", "{AD238313-3A17-4D50-90D5-F4F992B0A39E}"
EndProject
Project("{8BC9CEB8-8B4A-11D0-8D11-00A0C91BC942}") = "Project1", "Project1\Project1.vcxproj", "{7D2C1E69-BCAA-4E5A-A5DC-DCC2EB53655A}"
EndProject
Global
	GlobalSection(SolutionConfigurationPlatforms) = preSolution
		Debug|Any CPU = Debug|Any CPU
		Debug|Mixed Platforms = Debug|Mixed Platforms
		Debug|Win32 = Debug|Win32
		Release|Any CPU = Release|Any CPU
		Release|Mixed Platforms = Release|Mixed Platforms
		Release|Win32 = Release|Win32
	EndGlobalSection
	GlobalSection(ProjectConfigurationPlatforms) = postSolution
		{AD238313-3A17-4D50-90D5-F4F992B0A39E}.Debug|Any CPU.ActiveCfg = Debug|Any CPU
		{AD238313-3A17-4D50-90D5-F4F992B0A39E}.Debug|Any CPU.Build.0 = Debug|Any CPU
		{AD238313-3A17-4D50-90D5-F4F992B0A39E}.Debug|Mixed Platforms.ActiveCfg = Debug|Any CPU
		{AD238313-3A17-4D50-90D5-F4F992B0A39E}.Debug|Mixed Platforms.Build.0 = Debug|Any CPU
		{AD238313-3A17-4D50-90D5-F4F992B0A39E}.Debug|Win32.ActiveCfg = Debug|Any CPU
		{AD238313-3A17-4D50-90D5-F4F992B0A39E}.Release|Any CPU.ActiveCfg = Release|Any CPU
		{AD238313-3A17-4D50-90D5-F4F992B0A39E}.Release|Any CPU.Build.0 = Release|Any CPU
		{AD238313-3A17-4D50-90D5-F4F992B0A39E}.Release|Mixed Platforms.ActiveCfg = Release|Any CPU
		{AD238313-3A17-4D50-90D5-F4F992B0A39E}.Release|Mixed Platforms.Build.0 = Release|Any CPU
		{AD238313-3A17-4D50-90D5-F4F992B0A39E}.Release|Win32.ActiveCfg = Release|Any CPU
		{7D2C1E69-BCAA-4E5A-A5DC-DCC2EB53655A}.Debug|Any CPU.ActiveCfg = Debug|Win32
		{7D2C1E69-BCAA-4E5A-A5DC-DCC2EB53655A}.Debug|Mixed Platforms.ActiveCfg = Debug|Win32
		{7D2C1E69-BCAA-4E5A-A5DC-DCC2EB53655A}.Debug|Mixed Platforms.Build.0 = Debug|Win32
		{7D2C1E69-BCAA-4E5A-A5DC-DCC2EB53655A}.Debug|Win32.ActiveCfg = Debug|Win32
		{7D2C1E69-BCAA-4E5A-A5DC-DCC2EB53655A}.Debug|Win32.Build.0 = Debug|Win32
		{7D2C1E69-BCAA-4E5A-A5DC-DCC2EB53655A}.Release|Any CPU.ActiveCfg = Release|Win32
		{7D2C1E69-BCAA-4E5A-A5DC-DCC2EB53655A}.Release|Mixed Platforms.ActiveCfg = Release|Win32
		{7D2C1E69-BCAA-4E5A-A5DC-DCC2EB53655A}.Release|Mixed Platforms.Build.0 = Release|Win32
		{7D2C1E69-BCAA-4E5A-A5DC-DCC2EB53655A}.Release|Win32.ActiveCfg = Release|Win32
		{7D2C1E69-BCAA-4E5A-A5DC-DCC2EB53655A}.Release|Win32.Build.0 = Release|Win32
	EndGlobalSection
	GlobalSection(SolutionProperties) = preSolution
		HideSolutionNode = FALSE
	EndGlobalSection
EndGlobal
